# THIS IS AN AUTOGENERATED FILE. DO NOT EDIT THIS FILE DIRECTLY.
# yarn lockfile v1


fsevents@~2.1.2:
  version "2.1.2"
  resolved "https://registry.yarnpkg.com/fsevents/-/fsevents-2.1.2.tgz#4c0a1fb34bc68e543b4b82a9ec392bfbda840805"
  integrity sha512-R4wDiBwZ0KzpgOWetKDug1FZcYhqYnUYKtfZYt4mD5SBz76q0KR4Q9o7GIPamsVPGmW3EYPPJ0dOOjvx32ldZA==

rollup@^2.6.0:
  version "2.6.0"
  resolved "https://registry.yarnpkg.com/rollup/-/rollup-2.6.0.tgz#e69d50dc2217af23ab5f6df9a48e45df4ab56df1"
  integrity sha512-qbvQ9ZbvbhBdtRBZ/A4g+9z3iJQ1rHAtjinn3FiN+j5tfz8xiNyTE1JEEMcFWqlH7+NHadI9ieeqKdp8HwYLnQ==
  optionalDependencies:
    fsevents "~2.1.2"

silmarils@^0.0.0:
  version "0.0.0"
  resolved "https://registry.yarnpkg.com/silmarils/-/silmarils-0.0.0.tgz#653975a7031d4550450c12c7ee70e61b292313cd"
  integrity sha512-Xxza++eosmqZFmttSTtuzdHpzRSOG0CLODM08ayxr0CyVk+eOSl26FWr0qU37qAkLVUc/gmtm/+XtxY0suKv3A==
